
Microsoft Visual Studio Solution File, Format Version 12.00
# Visual Studio Version 16
VisualStudioVersion = 16.0.31025.194
MinimumVisualStudioVersion = 10.0.40219.1
Project("{FAE04EC0-301F-11D3-BF4B-00C04F79EFBC}") = "mejoras.Android", "mejoras.Android\mejoras.Android.csproj", "{93D19A7E-8E28-4B98-AFF2-B733BD7CBEAD}"
EndProject
Project("{FAE04EC0-301F-11D3-BF4B-00C04F79EFBC}") = "mejoras.iOS", "mejoras.iOS\mejoras.iOS.csproj", "{0132A53F-6D81-4ABC-ABAD-D3C5D41A59C4}"
EndProject
Project("{9A19103F-16F7-4668-BE54-9A1E7A4F7556}") = "mejoras", "mejoras\mejoras.csproj", "{18C86917-136E-4491-9D61-941115C889CC}"
EndProject
Global
	GlobalSection(SolutionConfigurationPlatforms) = preSolution
		Debug|Any CPU = Debug|Any CPU
		Debug|iPhone = Debug|iPhone
		Debug|iPhoneSimulator = Debug|iPhoneSimulator
		Release|Any CPU = Release|Any CPU
		Release|iPhone = Release|iPhone
		Release|iPhoneSimulator = Release|iPhoneSimulator
	EndGlobalSection
	GlobalSection(ProjectConfigurationPlatforms) = postSolution
		{93D19A7E-8E28-4B98-AFF2-B733BD7CBEAD}.Debug|Any CPU.ActiveCfg = Debug|Any CPU
		{93D19A7E-8E28-4B98-AFF2-B733BD7CBEAD}.Debug|Any CPU.Build.0 = Debug|Any CPU
		{93D19A7E-8E28-4B98-AFF2-B733BD7CBEAD}.Debug|Any CPU.Deploy.0 = Debug|Any CPU
		{93D19A7E-8E28-4B98-AFF2-B733BD7CBEAD}.Debug|iPhone.ActiveCfg = Debug|Any CPU
		{93D19A7E-8E28-4B98-AFF2-B733BD7CBEAD}.Debug|iPhone.Build.0 = Debug|Any CPU
		{93D19A7E-8E28-4B98-AFF2-B733BD7CBEAD}.Debug|iPhone.Deploy.0 = Debug|Any CPU
		{93D19A7E-8E28-4B98-AFF2-B733BD7CBEAD}.Debug|iPhoneSimulator.ActiveCfg = Debug|Any CPU
		{93D19A7E-8E28-4B98-AFF2-B733BD7CBEAD}.Debug|iPhoneSimulator.Build.0 = Debug|Any CPU
		{93D19A7E-8E28-4B98-AFF2-B733BD7CBEAD}.Debug|iPhoneSimulator.Deploy.0 = Debug|Any CPU
		{93D19A7E-8E28-4B98-AFF2-B733BD7CBEAD}.Release|Any CPU.ActiveCfg = Release|Any CPU
		{93D19A7E-8E28-4B98-AFF2-B733BD7CBEAD}.Release|Any CPU.Build.0 = Release|Any CPU
		{93D19A7E-8E28-4B98-AFF2-B733BD7CBEAD}.Release|Any CPU.Deploy.0 = Release|Any CPU
		{93D19A7E-8E28-4B98-AFF2-B733BD7CBEAD}.Release|iPhone.ActiveCfg = Release|Any CPU
		{93D19A7E-8E28-4B98-AFF2-B733BD7CBEAD}.Release|iPhone.Build.0 = Release|Any CPU
		{93D19A7E-8E28-4B98-AFF2-B733BD7CBEAD}.Release|iPhone.Deploy.0 = Release|Any CPU
		{93D19A7E-8E28-4B98-AFF2-B733BD7CBEAD}.Release|iPhoneSimulator.ActiveCfg = Release|Any CPU
		{93D19A7E-8E28-4B98-AFF2-B733BD7CBEAD}.Release|iPhoneSimulator.Build.0 = Release|Any CPU
		{93D19A7E-8E28-4B98-AFF2-B733BD7CBEAD}.Release|iPhoneSimulator.Deploy.0 = Release|Any CPU
		{0132A53F-6D81-4ABC-ABAD-D3C5D41A59C4}.Debug|Any CPU.ActiveCfg = Debug|iPhone
		{0132A53F-6D81-4ABC-ABAD-D3C5D41A59C4}.Debug|Any CPU.Build.0 = Debug|iPhone
		{0132A53F-6D81-4ABC-ABAD-D3C5D41A59C4}.Debug|Any CPU.Deploy.0 = Debug|iPhone
		{0132A53F-6D81-4ABC-ABAD-D3C5D41A59C4}.Debug|iPhone.ActiveCfg = Debug|iPhone
		{0132A53F-6D81-4ABC-ABAD-D3C5D41A59C4}.Debug|iPhone.Build.0 = Debug|iPhone
		{0132A53F-6D81-4ABC-ABAD-D3C5D41A59C4}.Debug|iPhone.Deploy.0 = Debug|iPhone
		{0132A53F-6D81-4ABC-ABAD-D3C5D41A59C4}.Debug|iPhoneSimulator.ActiveCfg = Debug|iPhoneSimulator
		{0132A53F-6D81-4ABC-ABAD-D3C5D41A59C4}.Debug|iPhoneSimulator.Build.0 = Debug|iPhoneSimulator
		{0132A53F-6D81-4ABC-ABAD-D3C5D41A59C4}.Debug|iPhoneSimulator.Deploy.0 = Debug|iPhoneSimulator
		{0132A53F-6D81-4ABC-ABAD-D3C5D41A59C4}.Release|Any CPU.ActiveCfg = Release|iPhoneSimulator
		{0132A53F-6D81-4ABC-ABAD-D3C5D41A59C4}.Release|Any CPU.Build.0 = Release|iPhoneSimulator
		{0132A53F-6D81-4ABC-ABAD-D3C5D41A59C4}.Release|Any CPU.Deploy.0 = Release|iPhoneSimulator
		{0132A53F-6D81-4ABC-ABAD-D3C5D41A59C4}.Release|iPhone.ActiveCfg = Release|iPhone
		{0132A53F-6D81-4ABC-ABAD-D3C5D41A59C4}.Release|iPhone.Build.0 = Release|iPhone
		{0132A53F-6D81-4ABC-ABAD-D3C5D41A59C4}.Release|iPhone.Deploy.0 = Release|iPhone
		{0132A53F-6D81-4ABC-ABAD-D3C5D41A59C4}.Release|iPhoneSimulator.ActiveCfg = Release|iPhoneSimulator
		{0132A53F-6D81-4ABC-ABAD-D3C5D41A59C4}.Release|iPhoneSimulator.Build.0 = Release|iPhoneSimulator
		{0132A53F-6D81-4ABC-ABAD-D3C5D41A59C4}.Release|iPhoneSimulator.Deploy.0 = Release|iPhoneSimulator
		{18C86917-136E-4491-9D61-941115C889CC}.Debug|Any CPU.ActiveCfg = Debug|Any CPU
		{18C86917-136E-4491-9D61-941115C889CC}.Debug|Any CPU.Build.0 = Debug|Any CPU
		{18C86917-136E-4491-9D61-941115C889CC}.Debug|Any CPU.Deploy.0 = Debug|Any CPU
		{18C86917-136E-4491-9D61-941115C889CC}.Debug|iPhone.ActiveCfg = Debug|Any CPU
		{18C86917-136E-4491-9D61-941115C889CC}.Debug|iPhone.Build.0 = Debug|Any CPU
		{18C86917-136E-4491-9D61-941115C889CC}.Debug|iPhone.Deploy.0 = Debug|Any CPU
		{18C86917-136E-4491-9D61-941115C889CC}.Debug|iPhoneSimulator.ActiveCfg = Debug|Any CPU
		{18C86917-136E-4491-9D61-941115C889CC}.Debug|iPhoneSimulator.Build.0 = Debug|Any CPU
		{18C86917-136E-4491-9D61-941115C889CC}.Debug|iPhoneSimulator.Deploy.0 = Debug|Any CPU
		{18C86917-136E-4491-9D61-941115C889CC}.Release|Any CPU.ActiveCfg = Release|Any CPU
		{18C86917-136E-4491-9D61-941115C889CC}.Release|Any CPU.Build.0 = Release|Any CPU
		{18C86917-136E-4491-9D61-941115C889CC}.Release|Any CPU.Deploy.0 = Release|Any CPU
		{18C86917-136E-4491-9D61-941115C889CC}.Release|iPhone.ActiveCfg = Release|Any CPU
		{18C86917-136E-4491-9D61-941115C889CC}.Release|iPhone.Build.0 = Release|Any CPU
		{18C86917-136E-4491-9D61-941115C889CC}.Release|iPhone.Deploy.0 = Release|Any CPU
		{18C86917-136E-4491-9D61-941115C889CC}.Release|iPhoneSimulator.ActiveCfg = Release|Any CPU
		{18C86917-136E-4491-9D61-941115C889CC}.Release|iPhoneSimulator.Build.0 = Release|Any CPU
		{18C86917-136E-4491-9D61-941115C889CC}.Release|iPhoneSimulator.Deploy.0 = Release|Any CPU
	EndGlobalSection
	GlobalSection(SolutionProperties) = preSolution
		HideSolutionNode = FALSE
	EndGlobalSection
	GlobalSection(ExtensibilityGlobals) = postSolution
		SolutionGuid = {C3E7D1AE-5274-49FB-9210-F8C937BFD00D}
	EndGlobalSection
EndGlobal
